
Microsoft Visual Studio Solution File, Format Version 12.00
# Visual Studio Version 16
VisualStudioVersion = 16.0.31410.357
MinimumVisualStudioVersion = 10.0.40219.1
Project("{9A19103F-16F7-4668-BE54-9A1E7A4F7556}") = "CustomJVM", "CustomJVM\CustomJVM.csproj", "{89043B31-7A67-4459-8F7A-70A67EAE1DDE}"
EndProject
Project("{9A19103F-16F7-4668-BE54-9A1E7A4F7556}") = "SharedLibrary", "SharedLibrary\SharedLibrary.csproj", "{60D30E5F-F7AA-428E-B8B7-E42BF3B640B7}"
EndProject
Global
	GlobalSection(SolutionConfigurationPlatforms) = preSolution
		Debug|Any CPU = Debug|Any CPU
		Release|Any CPU = Release|Any CPU
	EndGlobalSection
	GlobalSection(ProjectConfigurationPlatforms) = postSolution
		{89043B31-7A67-4459-8F7A-70A67EAE1DDE}.Debug|Any CPU.ActiveCfg = Debug|Any CPU
		{89043B31-7A67-4459-8F7A-70A67EAE1DDE}.Debug|Any CPU.Build.0 = Debug|Any CPU
		{89043B31-7A67-4459-8F7A-70A67EAE1DDE}.Release|Any CPU.ActiveCfg = Release|Any CPU
		{89043B31-7A67-4459-8F7A-70A67EAE1DDE}.Release|Any CPU.Build.0 = Release|Any CPU
		{60D30E5F-F7AA-428E-B8B7-E42BF3B640B7}.Debug|Any CPU.ActiveCfg = Debug|Any CPU
		{60D30E5F-F7AA-428E-B8B7-E42BF3B640B7}.Debug|Any CPU.Build.0 = Debug|Any CPU
		{60D30E5F-F7AA-428E-B8B7-E42BF3B640B7}.Release|Any CPU.ActiveCfg = Release|Any CPU
		{60D30E5F-F7AA-428E-B8B7-E42BF3B640B7}.Release|Any CPU.Build.0 = Release|Any CPU
	EndGlobalSection
	GlobalSection(SolutionProperties) = preSolution
		HideSolutionNode = FALSE
	EndGlobalSection
	GlobalSection(ExtensibilityGlobals) = postSolution
		SolutionGuid = {50C22ED7-CB18-4BAB-B7BB-C5146F96CF5F}
	EndGlobalSection
EndGlobal
